
Microsoft Visual Studio Solution File, Format Version 12.00
# Visual Studio Version 16
VisualStudioVersion = 25.0.1704.2
MinimumVisualStudioVersion = 10.0.40219.1
Project("{FAE04EC0-301F-11D3-BF4B-00C04F79EFBC}") = "RegisterationService", "RegisterationService\RegisterationService.csproj", "{6A68991A-1134-47CD-AB48-B58B91E74082}"
EndProject
Project("{FAE04EC0-301F-11D3-BF4B-00C04F79EFBC}") = "LicenseSignatureGenerator", "LicenseSignatureGenerator\LicenseSignatureGenerator.csproj", "{9534DAEF-0982-47A4-9DAE-0C177DF69E53}"
EndProject
Global
	GlobalSection(SolutionConfigurationPlatforms) = preSolution
		Debug|Any CPU = Debug|Any CPU
		Release|Any CPU = Release|Any CPU
	EndGlobalSection
	GlobalSection(ProjectConfigurationPlatforms) = postSolution
		{6A68991A-1134-47CD-AB48-B58B91E74082}.Debug|Any CPU.ActiveCfg = Debug|Any CPU
		{6A68991A-1134-47CD-AB48-B58B91E74082}.Debug|Any CPU.Build.0 = Debug|Any CPU
		{6A68991A-1134-47CD-AB48-B58B91E74082}.Release|Any CPU.ActiveCfg = Release|Any CPU
		{6A68991A-1134-47CD-AB48-B58B91E74082}.Release|Any CPU.Build.0 = Release|Any CPU
		{9534DAEF-0982-47A4-9DAE-0C177DF69E53}.Debug|Any CPU.ActiveCfg = Debug|Any CPU
		{9534DAEF-0982-47A4-9DAE-0C177DF69E53}.Debug|Any CPU.Build.0 = Debug|Any CPU
		{9534DAEF-0982-47A4-9DAE-0C177DF69E53}.Release|Any CPU.ActiveCfg = Release|Any CPU
		{9534DAEF-0982-47A4-9DAE-0C177DF69E53}.Release|Any CPU.Build.0 = Release|Any CPU
	EndGlobalSection
	GlobalSection(SolutionProperties) = preSolution
		HideSolutionNode = FALSE
	EndGlobalSection
	GlobalSection(ExtensibilityGlobals) = postSolution
		SolutionGuid = {D87238BF-A347-4F53-A9CD-AB5D23549793}
	EndGlobalSection
EndGlobal
